// !$*UTF8*$!
{
	archiveVersion = 1;
	classes = {
	};
	objectVersion = 46;
	objects = {

/* Begin PBXBuildFile section */
		1182655A1E9ACAB500AC9491 /* main.m in Sources */ = {isa = PBXBuildFile; fileRef = 118265591E9ACAB500AC9491 /* main.m */; };
		1182655D1E9ACAB500AC9491 /* AppDelegate.m in Sources */ = {isa = PBXBuildFile; fileRef = 1182655C1E9ACAB500AC9491 /* AppDelegate.m */; };
		118265601E9ACAB500AC9491 /* ViewController.m in Sources */ = {isa = PBXBuildFile; fileRef = 1182655F1E9ACAB500AC9491 /* ViewController.m */; };
		118265631E9ACAB500AC9491 /* Main.storyboard in Resources */ = {isa = PBXBuildFile; fileRef = 118265611E9ACAB500AC9491 /* Main.storyboard */; };
		118265651E9ACAB500AC9491 /* Assets.xcassets in Resources */ = {isa = PBXBuildFile; fileRef = 118265641E9ACAB500AC9491 /* Assets.xcassets */; };
		118265681E9ACAB500AC9491 /* LaunchScreen.storyboard in Resources */ = {isa = PBXBuildFile; fileRef = 118265661E9ACAB500AC9491 /* LaunchScreen.storyboard */; };
		118265731E9ACAB500AC9491 /* nyu_afrTests.m in Sources */ = {isa = PBXBuildFile; fileRef = 118265721E9ACAB500AC9491 /* nyu_afrTests.m */; };
		1182657E1E9AD21700AC9491 /* NYUAFR2.png in Resources */ = {isa = PBXBuildFile; fileRef = 1182657D1E9AD21700AC9491 /* NYUAFR2.png */; };
		11D77E161E9D931E00A37459 /* GoogleService-Info.plist in Resources */ = {isa = PBXBuildFile; fileRef = 11D77E151E9D931E00A37459 /* GoogleService-Info.plist */; };
		11D77E191E9D99F900A37459 /* Model.m in Sources */ = {isa = PBXBuildFile; fileRef = 11D77E181E9D99F900A37459 /* Model.m */; };
		11D77E1C1E9D9DA700A37459 /* LoginViewController.m in Sources */ = {isa = PBXBuildFile; fileRef = 11D77E1B1E9D9DA700A37459 /* LoginViewController.m */; };
		11D77E1F1E9D9DBB00A37459 /* SignupViewController.m in Sources */ = {isa = PBXBuildFile; fileRef = 11D77E1E1E9D9DBB00A37459 /* SignupViewController.m */; };
		11D77E221E9DB60F00A37459 /* MainTabBarController.m in Sources */ = {isa = PBXBuildFile; fileRef = 11D77E211E9DB60F00A37459 /* MainTabBarController.m */; };
		11D77E251E9DBB1D00A37459 /* QuestViewController.m in Sources */ = {isa = PBXBuildFile; fileRef = 11D77E241E9DBB1D00A37459 /* QuestViewController.m */; };
		11F14C901E9E9048008C2B04 /* MapViewController.m in Sources */ = {isa = PBXBuildFile; fileRef = 11F14C8F1E9E9048008C2B04 /* MapViewController.m */; };
		4C97ED99DACD99890A4E1F77 /* libPods-nyu-afr.a in Frameworks */ = {isa = PBXBuildFile; fileRef = DBBE10562CCC80114D3AC6D3 /* libPods-nyu-afr.a */; };
		A38208C5F347AC68CBA8A69A /* libPods-nyu-afrTests.a in Frameworks */ = {isa = PBXBuildFile; fileRef = 434AE8B18237FC9630396911 /* libPods-nyu-afrTests.a */; };
		C787A1581E9FD7EE00B9495C /* MenuViewController.m in Sources */ = {isa = PBXBuildFile; fileRef = C787A1571E9FD7EE00B9495C /* MenuViewController.m */; };
		C787A15B1E9FD80900B9495C /* AcheivementsViewController.m in Sources */ = {isa = PBXBuildFile; fileRef = C787A15A1E9FD80900B9495C /* AcheivementsViewController.m */; };
		C787A15E1E9FD82200B9495C /* ProfileViewController.m in Sources */ = {isa = PBXBuildFile; fileRef = C787A15D1E9FD82200B9495C /* ProfileViewController.m */; };
		C787A1601EA2D21000B9495C /* imageplaceholder.png in Resources */ = {isa = PBXBuildFile; fileRef = C787A15F1EA2D21000B9495C /* imageplaceholder.png */; };
/* End PBXBuildFile section */

/* Begin PBXContainerItemProxy section */
		1182656F1E9ACAB500AC9491 /* PBXContainerItemProxy */ = {
			isa = PBXContainerItemProxy;
			containerPortal = 1182654D1E9ACAB500AC9491 /* Project object */;
			proxyType = 1;
			remoteGlobalIDString = 118265541E9ACAB500AC9491;
			remoteInfo = "nyu-afr";
		};
/* End PBXContainerItemProxy section */

/* Begin PBXFileReference section */
		118265551E9ACAB500AC9491 /* nyu-afr.app */ = {isa = PBXFileReference; explicitFileType = wrapper.application; includeInIndex = 0; path = "nyu-afr.app"; sourceTree = BUILT_PRODUCTS_DIR; };
		118265591E9ACAB500AC9491 /* main.m */ = {isa = PBXFileReference; lastKnownFileType = sourcecode.c.objc; path = main.m; sourceTree = "<group>"; };
		1182655B1E9ACAB500AC9491 /* AppDelegate.h */ = {isa = PBXFileReference; lastKnownFileType = sourcecode.c.h; path = AppDelegate.h; sourceTree = "<group>"; };
		1182655C1E9ACAB500AC9491 /* AppDelegate.m */ = {isa = PBXFileReference; lastKnownFileType = sourcecode.c.objc; path = AppDelegate.m; sourceTree = "<group>"; };
		1182655E1E9ACAB500AC9491 /* ViewController.h */ = {isa = PBXFileReference; lastKnownFileType = sourcecode.c.h; path = ViewController.h; sourceTree = "<group>"; };
		1182655F1E9ACAB500AC9491 /* ViewController.m */ = {isa = PBXFileReference; lastKnownFileType = sourcecode.c.objc; path = ViewController.m; sourceTree = "<group>"; };
		118265621E9ACAB500AC9491 /* Base */ = {isa = PBXFileReference; lastKnownFileType = file.storyboard; name = Base; path = Base.lproj/Main.storyboard; sourceTree = "<group>"; };
		118265641E9ACAB500AC9491 /* Assets.xcassets */ = {isa = PBXFileReference; lastKnownFileType = folder.assetcatalog; path = Assets.xcassets; sourceTree = "<group>"; };
		118265671E9ACAB500AC9491 /* Base */ = {isa = PBXFileReference; lastKnownFileType = file.storyboard; name = Base; path = Base.lproj/LaunchScreen.storyboard; sourceTree = "<group>"; };
		118265691E9ACAB500AC9491 /* Info.plist */ = {isa = PBXFileReference; lastKnownFileType = text.plist.xml; path = Info.plist; sourceTree = "<group>"; };
		1182656E1E9ACAB500AC9491 /* nyu-afrTests.xctest */ = {isa = PBXFileReference; explicitFileType = wrapper.cfbundle; includeInIndex = 0; path = "nyu-afrTests.xctest"; sourceTree = BUILT_PRODUCTS_DIR; };
		118265721E9ACAB500AC9491 /* nyu_afrTests.m */ = {isa = PBXFileReference; lastKnownFileType = sourcecode.c.objc; path = nyu_afrTests.m; sourceTree = "<group>"; };
		118265741E9ACAB500AC9491 /* Info.plist */ = {isa = PBXFileReference; lastKnownFileType = text.plist.xml; path = Info.plist; sourceTree = "<group>"; };
		1182657D1E9AD21700AC9491 /* NYUAFR2.png */ = {isa = PBXFileReference; lastKnownFileType = image.png; path = NYUAFR2.png; sourceTree = "<group>"; };
		11C5FB931EA7FFDC00E97995 /* SquareParkLocation.gpx */ = {isa = PBXFileReference; lastKnownFileType = text.xml; path = SquareParkLocation.gpx; sourceTree = "<group>"; };
		11D77E151E9D931E00A37459 /* GoogleService-Info.plist */ = {isa = PBXFileReference; fileEncoding = 4; lastKnownFileType = text.plist.xml; path = "GoogleService-Info.plist"; sourceTree = "<group>"; };
		11D77E171E9D99F900A37459 /* Model.h */ = {isa = PBXFileReference; fileEncoding = 4; lastKnownFileType = sourcecode.c.h; path = Model.h; sourceTree = "<group>"; };
		11D77E181E9D99F900A37459 /* Model.m */ = {isa = PBXFileReference; fileEncoding = 4; lastKnownFileType = sourcecode.c.objc; path = Model.m; sourceTree = "<group>"; };
		11D77E1A1E9D9DA700A37459 /* LoginViewController.h */ = {isa = PBXFileReference; fileEncoding = 4; lastKnownFileType = sourcecode.c.h; path = LoginViewController.h; sourceTree = "<group>"; };
		11D77E1B1E9D9DA700A37459 /* LoginViewController.m */ = {isa = PBXFileReference; fileEncoding = 4; lastKnownFileType = sourcecode.c.objc; path = LoginViewController.m; sourceTree = "<group>"; };
		11D77E1D1E9D9DBB00A37459 /* SignupViewController.h */ = {isa = PBXFileReference; fileEncoding = 4; lastKnownFileType = sourcecode.c.h; path = SignupViewController.h; sourceTree = "<group>"; };
		11D77E1E1E9D9DBB00A37459 /* SignupViewController.m */ = {isa = PBXFileReference; fileEncoding = 4; lastKnownFileType = sourcecode.c.objc; path = SignupViewController.m; sourceTree = "<group>"; };
		11D77E201E9DB60F00A37459 /* MainTabBarController.h */ = {isa = PBXFileReference; fileEncoding = 4; lastKnownFileType = sourcecode.c.h; path = MainTabBarController.h; sourceTree = "<group>"; };
		11D77E211E9DB60F00A37459 /* MainTabBarController.m */ = {isa = PBXFileReference; fileEncoding = 4; lastKnownFileType = sourcecode.c.objc; path = MainTabBarController.m; sourceTree = "<group>"; };
		11D77E231E9DBB1D00A37459 /* QuestViewController.h */ = {isa = PBXFileReference; fileEncoding = 4; lastKnownFileType = sourcecode.c.h; path = QuestViewController.h; sourceTree = "<group>"; };
		11D77E241E9DBB1D00A37459 /* QuestViewController.m */ = {isa = PBXFileReference; fileEncoding = 4; lastKnownFileType = sourcecode.c.objc; path = QuestViewController.m; sourceTree = "<group>"; };
		11F14C8E1E9E9048008C2B04 /* MapViewController.h */ = {isa = PBXFileReference; fileEncoding = 4; lastKnownFileType = sourcecode.c.h; path = MapViewController.h; sourceTree = "<group>"; };
		11F14C8F1E9E9048008C2B04 /* MapViewController.m */ = {isa = PBXFileReference; fileEncoding = 4; lastKnownFileType = sourcecode.c.objc; path = MapViewController.m; sourceTree = "<group>"; };
		434AE8B18237FC9630396911 /* libPods-nyu-afrTests.a */ = {isa = PBXFileReference; explicitFileType = archive.ar; includeInIndex = 0; path = "libPods-nyu-afrTests.a"; sourceTree = BUILT_PRODUCTS_DIR; };
		63133D087CA223413603467A /* Pods-nyu-afrTests.debug.xcconfig */ = {isa = PBXFileReference; includeInIndex = 1; lastKnownFileType = text.xcconfig; name = "Pods-nyu-afrTests.debug.xcconfig"; path = "Pods/Target Support Files/Pods-nyu-afrTests/Pods-nyu-afrTests.debug.xcconfig"; sourceTree = "<group>"; };
		8DC466BAD5BBB0AD3F40C7CB /* Pods-nyu-afr.release.xcconfig */ = {isa = PBXFileReference; includeInIndex = 1; lastKnownFileType = text.xcconfig; name = "Pods-nyu-afr.release.xcconfig"; path = "Pods/Target Support Files/Pods-nyu-afr/Pods-nyu-afr.release.xcconfig"; sourceTree = "<group>"; };
		C787A1561E9FD7EE00B9495C /* MenuViewController.h */ = {isa = PBXFileReference; fileEncoding = 4; lastKnownFileType = sourcecode.c.h; path = MenuViewController.h; sourceTree = "<group>"; };
		C787A1571E9FD7EE00B9495C /* MenuViewController.m */ = {isa = PBXFileReference; fileEncoding = 4; lastKnownFileType = sourcecode.c.objc; path = MenuViewController.m; sourceTree = "<group>"; };
		C787A1591E9FD80900B9495C /* AcheivementsViewController.h */ = {isa = PBXFileReference; fileEncoding = 4; lastKnownFileType = sourcecode.c.h; path = AcheivementsViewController.h; sourceTree = "<group>"; };
		C787A15A1E9FD80900B9495C /* AcheivementsViewController.m */ = {isa = PBXFileReference; fileEncoding = 4; lastKnownFileType = sourcecode.c.objc; path = AcheivementsViewController.m; sourceTree = "<group>"; };
		C787A15C1E9FD82200B9495C /* ProfileViewController.h */ = {isa = PBXFileReference; fileEncoding = 4; lastKnownFileType = sourcecode.c.h; path = ProfileViewController.h; sourceTree = "<group>"; };
		C787A15D1E9FD82200B9495C /* ProfileViewController.m */ = {isa = PBXFileReference; fileEncoding = 4; lastKnownFileType = sourcecode.c.objc; path = ProfileViewController.m; sourceTree = "<group>"; };
		C787A15F1EA2D21000B9495C /* imageplaceholder.png */ = {isa = PBXFileReference; lastKnownFileType = image.png; path = imageplaceholder.png; sourceTree = "<group>"; };
		CB78F2E28D1984777076E879 /* Pods-nyu-afrTests.release.xcconfig */ = {isa = PBXFileReference; includeInIndex = 1; lastKnownFileType = text.xcconfig; name = "Pods-nyu-afrTests.release.xcconfig"; path = "Pods/Target Support Files/Pods-nyu-afrTests/Pods-nyu-afrTests.release.xcconfig"; sourceTree = "<group>"; };
		CD2937EB9C26C54CF66D5DE5 /* Pods-nyu-afr.debug.xcconfig */ = {isa = PBXFileReference; includeInIndex = 1; lastKnownFileType = text.xcconfig; name = "Pods-nyu-afr.debug.xcconfig"; path = "Pods/Target Support Files/Pods-nyu-afr/Pods-nyu-afr.debug.xcconfig"; sourceTree = "<group>"; };
		DBBE10562CCC80114D3AC6D3 /* libPods-nyu-afr.a */ = {isa = PBXFileReference; explicitFileType = archive.ar; includeInIndex = 0; path = "libPods-nyu-afr.a"; sourceTree = BUILT_PRODUCTS_DIR; };
/* End PBXFileReference section */

/* Begin PBXFrameworksBuildPhase section */
		118265521E9ACAB500AC9491 /* Frameworks */ = {
			isa = PBXFrameworksBuildPhase;
			buildActionMask = 2147483647;
			files = (
				4C97ED99DACD99890A4E1F77 /* libPods-nyu-afr.a in Frameworks */,
			);
			runOnlyForDeploymentPostprocessing = 0;
		};
		1182656B1E9ACAB500AC9491 /* Frameworks */ = {
			isa = PBXFrameworksBuildPhase;
			buildActionMask = 2147483647;
			files = (
				A38208C5F347AC68CBA8A69A /* libPods-nyu-afrTests.a in Frameworks */,
			);
			runOnlyForDeploymentPostprocessing = 0;
		};
/* End PBXFrameworksBuildPhase section */

/* Begin PBXGroup section */
		1182654C1E9ACAB500AC9491 = {
			isa = PBXGroup;
			children = (
				118265571E9ACAB500AC9491 /* nyu-afr */,
				118265711E9ACAB500AC9491 /* nyu-afrTests */,
				118265561E9ACAB500AC9491 /* Products */,
				E72D4903865708EE782FCCE2 /* Pods */,
				20774AE1C93A41B7A84E1323 /* Frameworks */,
			);
			sourceTree = "<group>";
		};
		118265561E9ACAB500AC9491 /* Products */ = {
			isa = PBXGroup;
			children = (
				118265551E9ACAB500AC9491 /* nyu-afr.app */,
				1182656E1E9ACAB500AC9491 /* nyu-afrTests.xctest */,
			);
			name = Products;
			sourceTree = "<group>";
		};
		118265571E9ACAB500AC9491 /* nyu-afr */ = {
			isa = PBXGroup;
			children = (
				1182655B1E9ACAB500AC9491 /* AppDelegate.h */,
				1182655C1E9ACAB500AC9491 /* AppDelegate.m */,
				11D77E171E9D99F900A37459 /* Model.h */,
				11D77E181E9D99F900A37459 /* Model.m */,
				1182655E1E9ACAB500AC9491 /* ViewController.h */,
				1182655F1E9ACAB500AC9491 /* ViewController.m */,
				11D77E1A1E9D9DA700A37459 /* LoginViewController.h */,
				11D77E1B1E9D9DA700A37459 /* LoginViewController.m */,
				11D77E1D1E9D9DBB00A37459 /* SignupViewController.h */,
				11D77E1E1E9D9DBB00A37459 /* SignupViewController.m */,
				11D77E201E9DB60F00A37459 /* MainTabBarController.h */,
				11D77E211E9DB60F00A37459 /* MainTabBarController.m */,
				11D77E231E9DBB1D00A37459 /* QuestViewController.h */,
				11D77E241E9DBB1D00A37459 /* QuestViewController.m */,
				11F14C8E1E9E9048008C2B04 /* MapViewController.h */,
				11F14C8F1E9E9048008C2B04 /* MapViewController.m */,
				118265611E9ACAB500AC9491 /* Main.storyboard */,
				C787A1561E9FD7EE00B9495C /* MenuViewController.h */,
				C787A1571E9FD7EE00B9495C /* MenuViewController.m */,
				C787A1591E9FD80900B9495C /* AcheivementsViewController.h */,
				C787A15A1E9FD80900B9495C /* AcheivementsViewController.m */,
				C787A15C1E9FD82200B9495C /* ProfileViewController.h */,
				C787A15D1E9FD82200B9495C /* ProfileViewController.m */,
				118265641E9ACAB500AC9491 /* Assets.xcassets */,
				C787A15F1EA2D21000B9495C /* imageplaceholder.png */,
				1182657D1E9AD21700AC9491 /* NYUAFR2.png */,
				118265661E9ACAB500AC9491 /* LaunchScreen.storyboard */,
				118265691E9ACAB500AC9491 /* Info.plist */,
				11D77E151E9D931E00A37459 /* GoogleService-Info.plist */,
				11C5FB931EA7FFDC00E97995 /* SquareParkLocation.gpx */,
				118265581E9ACAB500AC9491 /* Supporting Files */,
			);
			path = "nyu-afr";
			sourceTree = "<group>";
		};
		118265581E9ACAB500AC9491 /* Supporting Files */ = {
			isa = PBXGroup;
			children = (
				118265591E9ACAB500AC9491 /* main.m */,
			);
			name = "Supporting Files";
			sourceTree = "<group>";
		};
		118265711E9ACAB500AC9491 /* nyu-afrTests */ = {
			isa = PBXGroup;
			children = (
				118265721E9ACAB500AC9491 /* nyu_afrTests.m */,
				118265741E9ACAB500AC9491 /* Info.plist */,
			);
			path = "nyu-afrTests";
			sourceTree = "<group>";
		};
		20774AE1C93A41B7A84E1323 /* Frameworks */ = {
			isa = PBXGroup;
			children = (
				DBBE10562CCC80114D3AC6D3 /* libPods-nyu-afr.a */,
				434AE8B18237FC9630396911 /* libPods-nyu-afrTests.a */,
			);
			name = Frameworks;
			sourceTree = "<group>";
		};
		E72D4903865708EE782FCCE2 /* Pods */ = {
			isa = PBXGroup;
			children = (
				CD2937EB9C26C54CF66D5DE5 /* Pods-nyu-afr.debug.xcconfig */,
				8DC466BAD5BBB0AD3F40C7CB /* Pods-nyu-afr.release.xcconfig */,
				63133D087CA223413603467A /* Pods-nyu-afrTests.debug.xcconfig */,
				CB78F2E28D1984777076E879 /* Pods-nyu-afrTests.release.xcconfig */,
			);
			name = Pods;
			sourceTree = "<group>";
		};
/* End PBXGroup section */

/* Begin PBXNativeTarget section */
		118265541E9ACAB500AC9491 /* nyu-afr */ = {
			isa = PBXNativeTarget;
			buildConfigurationList = 118265771E9ACAB500AC9491 /* Build configuration list for PBXNativeTarget "nyu-afr" */;
			buildPhases = (
				03E3A385FE19609DAF402F6E /* [CP] Check Pods Manifest.lock */,
				118265511E9ACAB500AC9491 /* Sources */,
				118265521E9ACAB500AC9491 /* Frameworks */,
				118265531E9ACAB500AC9491 /* Resources */,
				0EB43B927D2D3959904360E2 /* [CP] Embed Pods Frameworks */,
				ACA73DD00B6583BC0636A6A4 /* [CP] Copy Pods Resources */,
			);
			buildRules = (
			);
			dependencies = (
			);
			name = "nyu-afr";
			productName = "nyu-afr";
			productReference = 118265551E9ACAB500AC9491 /* nyu-afr.app */;
			productType = "com.apple.product-type.application";
		};
		1182656D1E9ACAB500AC9491 /* nyu-afrTests */ = {
			isa = PBXNativeTarget;
			buildConfigurationList = 1182657A1E9ACAB500AC9491 /* Build configuration list for PBXNativeTarget "nyu-afrTests" */;
			buildPhases = (
				23D068051079A83DD7101143 /* [CP] Check Pods Manifest.lock */,
				1182656A1E9ACAB500AC9491 /* Sources */,
				1182656B1E9ACAB500AC9491 /* Frameworks */,
				1182656C1E9ACAB500AC9491 /* Resources */,
				E54E963B72DB25EBD77066B3 /* [CP] Embed Pods Frameworks */,
				895E266C609EDE07EED916B2 /* [CP] Copy Pods Resources */,
			);
			buildRules = (
			);
			dependencies = (
				118265701E9ACAB500AC9491 /* PBXTargetDependency */,
			);
			name = "nyu-afrTests";
			productName = "nyu-afrTests";
			productReference = 1182656E1E9ACAB500AC9491 /* nyu-afrTests.xctest */;
			productType = "com.apple.product-type.bundle.unit-test";
		};
/* End PBXNativeTarget section */

/* Begin PBXProject section */
		1182654D1E9ACAB500AC9491 /* Project object */ = {
			isa = PBXProject;
			attributes = {
				LastUpgradeCheck = 0830;
				ORGANIZATIONNAME = "New York University";
				TargetAttributes = {
					118265541E9ACAB500AC9491 = {
						CreatedOnToolsVersion = 8.3;
						ProvisioningStyle = Automatic;
					};
					1182656D1E9ACAB500AC9491 = {
						CreatedOnToolsVersion = 8.3;
						ProvisioningStyle = Automatic;
						TestTargetID = 118265541E9ACAB500AC9491;
					};
				};
			};
			buildConfigurationList = 118265501E9ACAB500AC9491 /* Build configuration list for PBXProject "nyu-afr" */;
			compatibilityVersion = "Xcode 3.2";
			developmentRegion = English;
			hasScannedForEncodings = 0;
			knownRegions = (
				en,
				Base,
			);
			mainGroup = 1182654C1E9ACAB500AC9491;
			productRefGroup = 118265561E9ACAB500AC9491 /* Products */;
			projectDirPath = "";
			projectRoot = "";
			targets = (
				118265541E9ACAB500AC9491 /* nyu-afr */,
				1182656D1E9ACAB500AC9491 /* nyu-afrTests */,
			);
		};
/* End PBXProject section */

/* Begin PBXResourcesBuildPhase section */
		118265531E9ACAB500AC9491 /* Resources */ = {
			isa = PBXResourcesBuildPhase;
			buildActionMask = 2147483647;
			files = (
				118265681E9ACAB500AC9491 /* LaunchScreen.storyboard in Resources */,
				1182657E1E9AD21700AC9491 /* NYUAFR2.png in Resources */,
				11D77E161E9D931E00A37459 /* GoogleService-Info.plist in Resources */,
				C787A1601EA2D21000B9495C /* imageplaceholder.png in Resources */,
				118265651E9ACAB500AC9491 /* Assets.xcassets in Resources */,
				118265631E9ACAB500AC9491 /* Main.storyboard in Resources */,
			);
			runOnlyForDeploymentPostprocessing = 0;
		};
		1182656C1E9ACAB500AC9491 /* Resources */ = {
			isa = PBXResourcesBuildPhase;
			buildActionMask = 2147483647;
			files = (
			);
			runOnlyForDeploymentPostprocessing = 0;
		};
/* End PBXResourcesBuildPhase section */

/* Begin PBXShellScriptBuildPhase section */
		03E3A385FE19609DAF402F6E /* [CP] Check Pods Manifest.lock */ = {
			isa = PBXShellScriptBuildPhase;
			buildActionMask = 2147483647;
			files = (
			);
			inputPaths = (
			);
			name = "[CP] Check Pods Manifest.lock";
			outputPaths = (
			);
			runOnlyForDeploymentPostprocessing = 0;
			shellPath = /bin/sh;
			shellScript = "diff \"${PODS_PODFILE_DIR_PATH}/Podfile.lock\" \"${PODS_ROOT}/Manifest.lock\" > /dev/null\nif [ $? != 0 ] ; then\n    # print error to STDERR\n    echo \"error: The sandbox is not in sync with the Podfile.lock. Run 'pod install' or update your CocoaPods installation.\" >&2\n    exit 1\nfi\n";
			showEnvVarsInLog = 0;
		};
		0EB43B927D2D3959904360E2 /* [CP] Embed Pods Frameworks */ = {
			isa = PBXShellScriptBuildPhase;
			buildActionMask = 2147483647;
			files = (
			);
			inputPaths = (
			);
			name = "[CP] Embed Pods Frameworks";
			outputPaths = (
			);
			runOnlyForDeploymentPostprocessing = 0;
			shellPath = /bin/sh;
			shellScript = "\"${SRCROOT}/Pods/Target Support Files/Pods-nyu-afr/Pods-nyu-afr-frameworks.sh\"\n";
			showEnvVarsInLog = 0;
		};
		23D068051079A83DD7101143 /* [CP] Check Pods Manifest.lock */ = {
			isa = PBXShellScriptBuildPhase;
			buildActionMask = 2147483647;
			files = (
			);
			inputPaths = (
			);
			name = "[CP] Check Pods Manifest.lock";
			outputPaths = (
			);
			runOnlyForDeploymentPostprocessing = 0;
			shellPath = /bin/sh;
			shellScript = "diff \"${PODS_PODFILE_DIR_PATH}/Podfile.lock\" \"${PODS_ROOT}/Manifest.lock\" > /dev/null\nif [ $? != 0 ] ; then\n    # print error to STDERR\n    echo \"error: The sandbox is not in sync with the Podfile.lock. Run 'pod install' or update your CocoaPods installation.\" >&2\n    exit 1\nfi\n";
			showEnvVarsInLog = 0;
		};
		895E266C609EDE07EED916B2 /* [CP] Copy Pods Resources */ = {
			isa = PBXShellScriptBuildPhase;
			buildActionMask = 2147483647;
			files = (
			);
			inputPaths = (
			);
			name = "[CP] Copy Pods Resources";
			outputPaths = (
			);
			runOnlyForDeploymentPostprocessing = 0;
			shellPath = /bin/sh;
			shellScript = "\"${SRCROOT}/Pods/Target Support Files/Pods-nyu-afrTests/Pods-nyu-afrTests-resources.sh\"\n";
			showEnvVarsInLog = 0;
		};
		ACA73DD00B6583BC0636A6A4 /* [CP] Copy Pods Resources */ = {
			isa = PBXShellScriptBuildPhase;
			buildActionMask = 2147483647;
			files = (
			);
			inputPaths = (
			);
			name = "[CP] Copy Pods Resources";
			outputPaths = (
			);
			runOnlyForDeploymentPostprocessing = 0;
			shellPath = /bin/sh;
			shellScript = "\"${SRCROOT}/Pods/Target Support Files/Pods-nyu-afr/Pods-nyu-afr-resources.sh\"\n";
			showEnvVarsInLog = 0;
		};
		E54E963B72DB25EBD77066B3 /* [CP] Embed Pods Frameworks */ = {
			isa = PBXShellScriptBuildPhase;
			buildActionMask = 2147483647;
			files = (
			);
			inputPaths = (
			);
			name = "[CP] Embed Pods Frameworks";
			outputPaths = (
			);
			runOnlyForDeploymentPostprocessing = 0;
			shellPath = /bin/sh;
			shellScript = "\"${SRCROOT}/Pods/Target Support Files/Pods-nyu-afrTests/Pods-nyu-afrTests-frameworks.sh\"\n";
			showEnvVarsInLog = 0;
		};
/* End PBXShellScriptBuildPhase section */

/* Begin PBXSourcesBuildPhase section */
		118265511E9ACAB500AC9491 /* Sources */ = {
			isa = PBXSourcesBuildPhase;
			buildActionMask = 2147483647;
			files = (
				11D77E1F1E9D9DBB00A37459 /* SignupViewController.m in Sources */,
				C787A1581E9FD7EE00B9495C /* MenuViewController.m in Sources */,
				11D77E251E9DBB1D00A37459 /* QuestViewController.m in Sources */,
				11D77E221E9DB60F00A37459 /* MainTabBarController.m in Sources */,
				11F14C901E9E9048008C2B04 /* MapViewController.m in Sources */,
				118265601E9ACAB500AC9491 /* ViewController.m in Sources */,
				1182655D1E9ACAB500AC9491 /* AppDelegate.m in Sources */,
				1182655A1E9ACAB500AC9491 /* main.m in Sources */,
				11D77E191E9D99F900A37459 /* Model.m in Sources */,
				C787A15E1E9FD82200B9495C /* ProfileViewController.m in Sources */,
				C787A15B1E9FD80900B9495C /* AcheivementsViewController.m in Sources */,
				11D77E1C1E9D9DA700A37459 /* LoginViewController.m in Sources */,
			);
			runOnlyForDeploymentPostprocessing = 0;
		};
		1182656A1E9ACAB500AC9491 /* Sources */ = {
			isa = PBXSourcesBuildPhase;
			buildActionMask = 2147483647;
			files = (
				118265731E9ACAB500AC9491 /* nyu_afrTests.m in Sources */,
			);
			runOnlyForDeploymentPostprocessing = 0;
		};
/* End PBXSourcesBuildPhase section */

/* Begin PBXTargetDependency section */
		118265701E9ACAB500AC9491 /* PBXTargetDependency */ = {
			isa = PBXTargetDependency;
			target = 118265541E9ACAB500AC9491 /* nyu-afr */;
			targetProxy = 1182656F1E9ACAB500AC9491 /* PBXContainerItemProxy */;
		};
/* End PBXTargetDependency section */

/* Begin PBXVariantGroup section */
		118265611E9ACAB500AC9491 /* Main.storyboard */ = {
			isa = PBXVariantGroup;
			children = (
				118265621E9ACAB500AC9491 /* Base */,
			);
			name = Main.storyboard;
			sourceTree = "<group>";
		};
		118265661E9ACAB500AC9491 /* LaunchScreen.storyboard */ = {
			isa = PBXVariantGroup;
			children = (
				118265671E9ACAB500AC9491 /* Base */,
			);
			name = LaunchScreen.storyboard;
			sourceTree = "<group>";
		};
/* End PBXVariantGroup section */

/* Begin XCBuildConfiguration section */
		118265751E9ACAB500AC9491 /* Debug */ = {
			isa = XCBuildConfiguration;
			buildSettings = {
				ALWAYS_SEARCH_USER_PATHS = NO;
				CLANG_ANALYZER_NONNULL = YES;
				CLANG_ANALYZER_NUMBER_OBJECT_CONVERSION = YES_AGGRESSIVE;
				CLANG_CXX_LANGUAGE_STANDARD = "gnu++0x";
				CLANG_CXX_LIBRARY = "libc++";
				CLANG_ENABLE_MODULES = YES;
				CLANG_ENABLE_OBJC_ARC = YES;
				CLANG_WARN_BOOL_CONVERSION = YES;
				CLANG_WARN_CONSTANT_CONVERSION = YES;
				CLANG_WARN_DIRECT_OBJC_ISA_USAGE = YES_ERROR;
				CLANG_WARN_DOCUMENTATION_COMMENTS = YES;
				CLANG_WARN_EMPTY_BODY = YES;
				CLANG_WARN_ENUM_CONVERSION = YES;
				CLANG_WARN_INFINITE_RECURSION = YES;
				CLANG_WARN_INT_CONVERSION = YES;
				CLANG_WARN_OBJC_ROOT_CLASS = YES_ERROR;
				CLANG_WARN_SUSPICIOUS_MOVE = YES;
				CLANG_WARN_UNREACHABLE_CODE = YES;
				CLANG_WARN__DUPLICATE_METHOD_MATCH = YES;
				"CODE_SIGN_IDENTITY[sdk=iphoneos*]" = "iPhone Developer";
				COPY_PHASE_STRIP = NO;
				DEBUG_INFORMATION_FORMAT = dwarf;
				ENABLE_STRICT_OBJC_MSGSEND = YES;
				ENABLE_TESTABILITY = YES;
				GCC_C_LANGUAGE_STANDARD = gnu99;
				GCC_DYNAMIC_NO_PIC = NO;
				GCC_NO_COMMON_BLOCKS = YES;
				GCC_OPTIMIZATION_LEVEL = 0;
				GCC_PREPROCESSOR_DEFINITIONS = (
					"DEBUG=1",
					"$(inherited)",
				);
				GCC_WARN_64_TO_32_BIT_CONVERSION = YES;
				GCC_WARN_ABOUT_RETURN_TYPE = YES_ERROR;
				GCC_WARN_UNDECLARED_SELECTOR = YES;
				GCC_WARN_UNINITIALIZED_AUTOS = YES_AGGRESSIVE;
				GCC_WARN_UNUSED_FUNCTION = YES;
				GCC_WARN_UNUSED_VARIABLE = YES;
				IPHONEOS_DEPLOYMENT_TARGET = 10.3;
				MTL_ENABLE_DEBUG_INFO = YES;
				ONLY_ACTIVE_ARCH = YES;
				SDKROOT = iphoneos;
				TARGETED_DEVICE_FAMILY = "1,2";
			};
			name = Debug;
		};
		118265761E9ACAB500AC9491 /* Release */ = {
			isa = XCBuildConfiguration;
			buildSettings = {
				ALWAYS_SEARCH_USER_PATHS = NO;
				CLANG_ANALYZER_NONNULL = YES;
				CLANG_ANALYZER_NUMBER_OBJECT_CONVERSION = YES_AGGRESSIVE;
				CLANG_CXX_LANGUAGE_STANDARD = "gnu++0x";
				CLANG_CXX_LIBRARY = "libc++";
				CLANG_ENABLE_MODULES = YES;
				CLANG_ENABLE_OBJC_ARC = YES;
				CLANG_WARN_BOOL_CONVERSION = YES;
				CLANG_WARN_CONSTANT_CONVERSION = YES;
				CLANG_WARN_DIRECT_OBJC_ISA_USAGE = YES_ERROR;
				CLANG_WARN_DOCUMENTATION_COMMENTS = YES;
				CLANG_WARN_EMPTY_BODY = YES;
				CLANG_WARN_ENUM_CONVERSION = YES;
				CLANG_WARN_INFINITE_RECURSION = YES;
				CLANG_WARN_INT_CONVERSION = YES;
				CLANG_WARN_OBJC_ROOT_CLASS = YES_ERROR;
				CLANG_WARN_SUSPICIOUS_MOVE = YES;
				CLANG_WARN_UNREACHABLE_CODE = YES;
				CLANG_WARN__DUPLICATE_METHOD_MATCH = YES;
				"CODE_SIGN_IDENTITY[sdk=iphoneos*]" = "iPhone Developer";
				COPY_PHASE_STRIP = NO;
				DEBUG_INFORMATION_FORMAT = "dwarf-with-dsym";
				ENABLE_NS_ASSERTIONS = NO;
				ENABLE_STRICT_OBJC_MSGSEND = YES;
				GCC_C_LANGUAGE_STANDARD = gnu99;
				GCC_NO_COMMON_BLOCKS = YES;
				GCC_WARN_64_TO_32_BIT_CONVERSION = YES;
				GCC_WARN_ABOUT_RETURN_TYPE = YES_ERROR;
				GCC_WARN_UNDECLARED_SELECTOR = YES;
				GCC_WARN_UNINITIALIZED_AUTOS = YES_AGGRESSIVE;
				GCC_WARN_UNUSED_FUNCTION = YES;
				GCC_WARN_UNUSED_VARIABLE = YES;
				IPHONEOS_DEPLOYMENT_TARGET = 10.3;
				MTL_ENABLE_DEBUG_INFO = NO;
				SDKROOT = iphoneos;
				TARGETED_DEVICE_FAMILY = "1,2";
				VALIDATE_PRODUCT = YES;
			};
			name = Release;
		};
		118265781E9ACAB500AC9491 /* Debug */ = {
			isa = XCBuildConfiguration;
			baseConfigurationReference = CD2937EB9C26C54CF66D5DE5 /* Pods-nyu-afr.debug.xcconfig */;
			buildSettings = {
				ASSETCATALOG_COMPILER_APPICON_NAME = AppIcon;
				INFOPLIST_FILE = "nyu-afr/Info.plist";
				LD_RUNPATH_SEARCH_PATHS = "$(inherited) @executable_path/Frameworks";
				PRODUCT_BUNDLE_IDENTIFIER = "nyu.edu.nyu-afr";
				PRODUCT_NAME = "$(TARGET_NAME)";
			};
			name = Debug;
		};
		118265791E9ACAB500AC9491 /* Release */ = {
			isa = XCBuildConfiguration;
			baseConfigurationReference = 8DC466BAD5BBB0AD3F40C7CB /* Pods-nyu-afr.release.xcconfig */;
			buildSettings = {
				ASSETCATALOG_COMPILER_APPICON_NAME = AppIcon;
				INFOPLIST_FILE = "nyu-afr/Info.plist";
				LD_RUNPATH_SEARCH_PATHS = "$(inherited) @executable_path/Frameworks";
				PRODUCT_BUNDLE_IDENTIFIER = "nyu.edu.nyu-afr";
				PRODUCT_NAME = "$(TARGET_NAME)";
			};
			name = Release;
		};
		1182657B1E9ACAB500AC9491 /* Debug */ = {
			isa = XCBuildConfiguration;
			baseConfigurationReference = 63133D087CA223413603467A /* Pods-nyu-afrTests.debug.xcconfig */;
			buildSettings = {
				BUNDLE_LOADER = "$(TEST_HOST)";
				INFOPLIST_FILE = "nyu-afrTests/Info.plist";
				LD_RUNPATH_SEARCH_PATHS = "$(inherited) @executable_path/Frameworks @loader_path/Frameworks";
				PRODUCT_BUNDLE_IDENTIFIER = "nyu.edu.nyu-afrTests";
				PRODUCT_NAME = "$(TARGET_NAME)";
				TEST_HOST = "$(BUILT_PRODUCTS_DIR)/nyu-afr.app/nyu-afr";
			};
			name = Debug;
		};
		1182657C1E9ACAB500AC9491 /* Release */ = {
			isa = XCBuildConfiguration;
			baseConfigurationReference = CB78F2E28D1984777076E879 /* Pods-nyu-afrTests.release.xcconfig */;
			buildSettings = {
				BUNDLE_LOADER = "$(TEST_HOST)";
				INFOPLIST_FILE = "nyu-afrTests/Info.plist";
				LD_RUNPATH_SEARCH_PATHS = "$(inherited) @executable_path/Frameworks @loader_path/Frameworks";
				PRODUCT_BUNDLE_IDENTIFIER = "nyu.edu.nyu-afrTests";
				PRODUCT_NAME = "$(TARGET_NAME)";
				TEST_HOST = "$(BUILT_PRODUCTS_DIR)/nyu-afr.app/nyu-afr";
			};
			name = Release;
		};
/* End XCBuildConfiguration section */

/* Begin XCConfigurationList section */
		118265501E9ACAB500AC9491 /* Build configuration list for PBXProject "nyu-afr" */ = {
			isa = XCConfigurationList;
			buildConfigurations = (
				118265751E9ACAB500AC9491 /* Debug */,
				118265761E9ACAB500AC9491 /* Release */,
			);
			defaultConfigurationIsVisible = 0;
			defaultConfigurationName = Release;
		};
		118265771E9ACAB500AC9491 /* Build configuration list for PBXNativeTarget "nyu-afr" */ = {
			isa = XCConfigurationList;
			buildConfigurations = (
				118265781E9ACAB500AC9491 /* Debug */,
				118265791E9ACAB500AC9491 /* Release */,
			);
			defaultConfigurationIsVisible = 0;
			defaultConfigurationName = Release;
		};
		1182657A1E9ACAB500AC9491 /* Build configuration list for PBXNativeTarget "nyu-afrTests" */ = {
			isa = XCConfigurationList;
			buildConfigurations = (
				1182657B1E9ACAB500AC9491 /* Debug */,
				1182657C1E9ACAB500AC9491 /* Release */,
			);
			defaultConfigurationIsVisible = 0;
			defaultConfigurationName = Release;
		};
/* End XCConfigurationList section */
	};
	rootObject = 1182654D1E9ACAB500AC9491 /* Project object */;
}
